// !$*UTF8*$!
{
	archiveVersion = 1;
	classes = {
	};
	objectVersion = 55;
	objects = {

/* Begin PBXBuildFile section */
		600C95EF2783C66F00014494 /* SwiftUICharts in Frameworks */ = {isa = PBXBuildFile; productRef = 600C95EE2783C66F00014494 /* SwiftUICharts */; };
		60D500B1276E38020081B77F /* ContentView.swift in Sources */ = {isa = PBXBuildFile; fileRef = 60D500B0276E38020081B77F /* ContentView.swift */; };
		60D500B2276E38020081B77F /* ContentView.swift in Sources */ = {isa = PBXBuildFile; fileRef = 60D500B0276E38020081B77F /* ContentView.swift */; };
		60D500B7276E3A260081B77F /* ApiFriend.swift in Sources */ = {isa = PBXBuildFile; fileRef = 60D500B6276E3A260081B77F /* ApiFriend.swift */; };
		60D500B8276E3A260081B77F /* ApiFriend.swift in Sources */ = {isa = PBXBuildFile; fileRef = 60D500B6276E3A260081B77F /* ApiFriend.swift */; };
		60FA648C2763924E00C4AADC /* Tests_iOS.swift in Sources */ = {isa = PBXBuildFile; fileRef = 60FA648B2763924E00C4AADC /* Tests_iOS.swift */; };
		60FA648E2763924E00C4AADC /* Tests_iOSLaunchTests.swift in Sources */ = {isa = PBXBuildFile; fileRef = 60FA648D2763924E00C4AADC /* Tests_iOSLaunchTests.swift */; };
		60FA64982763924E00C4AADC /* Tests_macOS.swift in Sources */ = {isa = PBXBuildFile; fileRef = 60FA64972763924E00C4AADC /* Tests_macOS.swift */; };
		60FA649A2763924E00C4AADC /* Tests_macOSLaunchTests.swift in Sources */ = {isa = PBXBuildFile; fileRef = 60FA64992763924E00C4AADC /* Tests_macOSLaunchTests.swift */; };
		60FA649B2763924E00C4AADC /* WeatherApp.swift in Sources */ = {isa = PBXBuildFile; fileRef = 60FA64732763924D00C4AADC /* WeatherApp.swift */; };
		60FA649C2763924E00C4AADC /* WeatherApp.swift in Sources */ = {isa = PBXBuildFile; fileRef = 60FA64732763924D00C4AADC /* WeatherApp.swift */; };
		60FA649F2763924E00C4AADC /* Assets.xcassets in Resources */ = {isa = PBXBuildFile; fileRef = 60FA64752763924E00C4AADC /* Assets.xcassets */; };
		60FA64A02763924E00C4AADC /* Assets.xcassets in Resources */ = {isa = PBXBuildFile; fileRef = 60FA64752763924E00C4AADC /* Assets.xcassets */; };
/* End PBXBuildFile section */

/* Begin PBXContainerItemProxy section */
		60FA64882763924E00C4AADC /* PBXContainerItemProxy */ = {
			isa = PBXContainerItemProxy;
			containerPortal = 60FA646E2763924D00C4AADC /* Project object */;
			proxyType = 1;
			remoteGlobalIDString = 60FA64792763924E00C4AADC;
			remoteInfo = "WeatherApp (iOS)";
		};
		60FA64942763924E00C4AADC /* PBXContainerItemProxy */ = {
			isa = PBXContainerItemProxy;
			containerPortal = 60FA646E2763924D00C4AADC /* Project object */;
			proxyType = 1;
			remoteGlobalIDString = 60FA647F2763924E00C4AADC;
			remoteInfo = "WeatherApp (macOS)";
		};
/* End PBXContainerItemProxy section */

/* Begin PBXCopyFilesBuildPhase section */
		600C96302783D8C200014494 /* Embed Watch Content */ = {
			isa = PBXCopyFilesBuildPhase;
			buildActionMask = 2147483647;
			dstPath = "$(CONTENTS_FOLDER_PATH)/Watch";
			dstSubfolderSpec = 16;
			files = (
			);
			name = "Embed Watch Content";
			runOnlyForDeploymentPostprocessing = 0;
		};
/* End PBXCopyFilesBuildPhase section */

/* Begin PBXFileReference section */
		60D500B0276E38020081B77F /* ContentView.swift */ = {isa = PBXFileReference; lastKnownFileType = sourcecode.swift; path = ContentView.swift; sourceTree = "<group>"; };
		60D500B6276E3A260081B77F /* ApiFriend.swift */ = {isa = PBXFileReference; lastKnownFileType = sourcecode.swift; path = ApiFriend.swift; sourceTree = "<group>"; };
		60FA64732763924D00C4AADC /* WeatherApp.swift */ = {isa = PBXFileReference; lastKnownFileType = sourcecode.swift; path = WeatherApp.swift; sourceTree = "<group>"; };
		60FA64752763924E00C4AADC /* Assets.xcassets */ = {isa = PBXFileReference; lastKnownFileType = folder.assetcatalog; path = Assets.xcassets; sourceTree = "<group>"; };
		60FA647A2763924E00C4AADC /* WeatherApp.app */ = {isa = PBXFileReference; explicitFileType = wrapper.application; includeInIndex = 0; path = WeatherApp.app; sourceTree = BUILT_PRODUCTS_DIR; };
		60FA64802763924E00C4AADC /* WeatherApp.app */ = {isa = PBXFileReference; explicitFileType = wrapper.application; includeInIndex = 0; path = WeatherApp.app; sourceTree = BUILT_PRODUCTS_DIR; };
		60FA64822763924E00C4AADC /* macOS.entitlements */ = {isa = PBXFileReference; lastKnownFileType = text.plist.entitlements; path = macOS.entitlements; sourceTree = "<group>"; };
		60FA64872763924E00C4AADC /* Tests iOS.xctest */ = {isa = PBXFileReference; explicitFileType = wrapper.cfbundle; includeInIndex = 0; path = "Tests iOS.xctest"; sourceTree = BUILT_PRODUCTS_DIR; };
		60FA648B2763924E00C4AADC /* Tests_iOS.swift */ = {isa = PBXFileReference; lastKnownFileType = sourcecode.swift; path = Tests_iOS.swift; sourceTree = "<group>"; };
		60FA648D2763924E00C4AADC /* Tests_iOSLaunchTests.swift */ = {isa = PBXFileReference; lastKnownFileType = sourcecode.swift; path = Tests_iOSLaunchTests.swift; sourceTree = "<group>"; };
		60FA64932763924E00C4AADC /* Tests macOS.xctest */ = {isa = PBXFileReference; explicitFileType = wrapper.cfbundle; includeInIndex = 0; path = "Tests macOS.xctest"; sourceTree = BUILT_PRODUCTS_DIR; };
		60FA64972763924E00C4AADC /* Tests_macOS.swift */ = {isa = PBXFileReference; lastKnownFileType = sourcecode.swift; path = Tests_macOS.swift; sourceTree = "<group>"; };
		60FA64992763924E00C4AADC /* Tests_macOSLaunchTests.swift */ = {isa = PBXFileReference; lastKnownFileType = sourcecode.swift; path = Tests_macOSLaunchTests.swift; sourceTree = "<group>"; };
/* End PBXFileReference section */

/* Begin PBXFrameworksBuildPhase section */
		60FA64772763924E00C4AADC /* Frameworks */ = {
			isa = PBXFrameworksBuildPhase;
			buildActionMask = 2147483647;
			files = (
			);
			runOnlyForDeploymentPostprocessing = 0;
		};
		60FA647D2763924E00C4AADC /* Frameworks */ = {
			isa = PBXFrameworksBuildPhase;
			buildActionMask = 2147483647;
			files = (
				600C95EF2783C66F00014494 /* SwiftUICharts in Frameworks */,
			);
			runOnlyForDeploymentPostprocessing = 0;
		};
		60FA64842763924E00C4AADC /* Frameworks */ = {
			isa = PBXFrameworksBuildPhase;
			buildActionMask = 2147483647;
			files = (
			);
			runOnlyForDeploymentPostprocessing = 0;
		};
		60FA64902763924E00C4AADC /* Frameworks */ = {
			isa = PBXFrameworksBuildPhase;
			buildActionMask = 2147483647;
			files = (
			);
			runOnlyForDeploymentPostprocessing = 0;
		};
/* End PBXFrameworksBuildPhase section */

/* Begin PBXGroup section */
		600C95E22783C0A500014494 /* Frameworks */ = {
			isa = PBXGroup;
			children = (
			);
			name = Frameworks;
			sourceTree = "<group>";
		};
		60FA646D2763924D00C4AADC = {
			isa = PBXGroup;
			children = (
				60FA64722763924D00C4AADC /* Shared */,
				60FA64812763924E00C4AADC /* macOS */,
				60FA648A2763924E00C4AADC /* Tests iOS */,
				60FA64962763924E00C4AADC /* Tests macOS */,
				60FA647B2763924E00C4AADC /* Products */,
				600C95E22783C0A500014494 /* Frameworks */,
			);
			sourceTree = "<group>";
		};
		60FA64722763924D00C4AADC /* Shared */ = {
			isa = PBXGroup;
			children = (
				60FA64732763924D00C4AADC /* WeatherApp.swift */,
				60D500B6276E3A260081B77F /* ApiFriend.swift */,
				60D500B0276E38020081B77F /* ContentView.swift */,
				60FA64752763924E00C4AADC /* Assets.xcassets */,
			);
			path = Shared;
			sourceTree = "<group>";
		};
		60FA647B2763924E00C4AADC /* Products */ = {
			isa = PBXGroup;
			children = (
				60FA647A2763924E00C4AADC /* WeatherApp.app */,
				60FA64802763924E00C4AADC /* WeatherApp.app */,
				60FA64872763924E00C4AADC /* Tests iOS.xctest */,
				60FA64932763924E00C4AADC /* Tests macOS.xctest */,
			);
			name = Products;
			sourceTree = "<group>";
		};
		60FA64812763924E00C4AADC /* macOS */ = {
			isa = PBXGroup;
			children = (
				60FA64822763924E00C4AADC /* macOS.entitlements */,
			);
			path = macOS;
			sourceTree = "<group>";
		};
		60FA648A2763924E00C4AADC /* Tests iOS */ = {
			isa = PBXGroup;
			children = (
				60FA648B2763924E00C4AADC /* Tests_iOS.swift */,
				60FA648D2763924E00C4AADC /* Tests_iOSLaunchTests.swift */,
			);
			path = "Tests iOS";
			sourceTree = "<group>";
		};
		60FA64962763924E00C4AADC /* Tests macOS */ = {
			isa = PBXGroup;
			children = (
				60FA64972763924E00C4AADC /* Tests_macOS.swift */,
				60FA64992763924E00C4AADC /* Tests_macOSLaunchTests.swift */,
			);
			path = "Tests macOS";
			sourceTree = "<group>";
		};
/* End PBXGroup section */

/* Begin PBXNativeTarget section */
		60FA64792763924E00C4AADC /* WeatherApp (iOS) */ = {
			isa = PBXNativeTarget;
			buildConfigurationList = 60FA64A32763924E00C4AADC /* Build configuration list for PBXNativeTarget "WeatherApp (iOS)" */;
			buildPhases = (
				60FA64762763924E00C4AADC /* Sources */,
				60FA64772763924E00C4AADC /* Frameworks */,
				60FA64782763924E00C4AADC /* Resources */,
				600C96302783D8C200014494 /* Embed Watch Content */,
			);
			buildRules = (
			);
			dependencies = (
				600C96382783D8F900014494 /* PBXTargetDependency */,
			);
			name = "WeatherApp (iOS)";
			packageProductDependencies = (
			);
			productName = "WeatherApp (iOS)";
			productReference = 60FA647A2763924E00C4AADC /* WeatherApp.app */;
			productType = "com.apple.product-type.application";
		};
		60FA647F2763924E00C4AADC /* WeatherApp (macOS) */ = {
			isa = PBXNativeTarget;
			buildConfigurationList = 60FA64A62763924E00C4AADC /* Build configuration list for PBXNativeTarget "WeatherApp (macOS)" */;
			buildPhases = (
				60FA647C2763924E00C4AADC /* Sources */,
				60FA647D2763924E00C4AADC /* Frameworks */,
				60FA647E2763924E00C4AADC /* Resources */,
			);
			buildRules = (
			);
			dependencies = (
			);
			name = "WeatherApp (macOS)";
			packageProductDependencies = (
				600C95EE2783C66F00014494 /* SwiftUICharts */,
			);
			productName = "WeatherApp (macOS)";
			productReference = 60FA64802763924E00C4AADC /* WeatherApp.app */;
			productType = "com.apple.product-type.application";
		};
		60FA64862763924E00C4AADC /* Tests iOS */ = {
			isa = PBXNativeTarget;
			buildConfigurationList = 60FA64A92763924E00C4AADC /* Build configuration list for PBXNativeTarget "Tests iOS" */;
			buildPhases = (
				60FA64832763924E00C4AADC /* Sources */,
				60FA64842763924E00C4AADC /* Frameworks */,
				60FA64852763924E00C4AADC /* Resources */,
			);
			buildRules = (
			);
			dependencies = (
				60FA64892763924E00C4AADC /* PBXTargetDependency */,
			);
			name = "Tests iOS";
			productName = "Tests iOS";
			productReference = 60FA64872763924E00C4AADC /* Tests iOS.xctest */;
			productType = "com.apple.product-type.bundle.ui-testing";
		};
		60FA64922763924E00C4AADC /* Tests macOS */ = {
			isa = PBXNativeTarget;
			buildConfigurationList = 60FA64AC2763924E00C4AADC /* Build configuration list for PBXNativeTarget "Tests macOS" */;
			buildPhases = (
				60FA648F2763924E00C4AADC /* Sources */,
				60FA64902763924E00C4AADC /* Frameworks */,
				60FA64912763924E00C4AADC /* Resources */,
			);
			buildRules = (
			);
			dependencies = (
				60FA64952763924E00C4AADC /* PBXTargetDependency */,
			);
			name = "Tests macOS";
			productName = "Tests macOS";
			productReference = 60FA64932763924E00C4AADC /* Tests macOS.xctest */;
			productType = "com.apple.product-type.bundle.ui-testing";
		};
/* End PBXNativeTarget section */

/* Begin PBXProject section */
		60FA646E2763924D00C4AADC /* Project object */ = {
			isa = PBXProject;
			attributes = {
				BuildIndependentTargetsInParallel = 1;
				LastSwiftUpdateCheck = 1320;
				LastUpgradeCheck = 1320;
				TargetAttributes = {
					60FA64792763924E00C4AADC = {
						CreatedOnToolsVersion = 13.1;
					};
					60FA647F2763924E00C4AADC = {
						CreatedOnToolsVersion = 13.1;
					};
					60FA64862763924E00C4AADC = {
						CreatedOnToolsVersion = 13.1;
						TestTargetID = 60FA64792763924E00C4AADC;
					};
					60FA64922763924E00C4AADC = {
						CreatedOnToolsVersion = 13.1;
						TestTargetID = 60FA647F2763924E00C4AADC;
					};
				};
			};
			buildConfigurationList = 60FA64712763924D00C4AADC /* Build configuration list for PBXProject "WeatherApp" */;
			compatibilityVersion = "Xcode 13.0";
			developmentRegion = en;
			hasScannedForEncodings = 0;
			knownRegions = (
				en,
				Base,
			);
			mainGroup = 60FA646D2763924D00C4AADC;
			packageReferences = (
				600C95ED2783C66F00014494 /* XCRemoteSwiftPackageReference "ChartView" */,
			);
			productRefGroup = 60FA647B2763924E00C4AADC /* Products */;
			projectDirPath = "";
			projectRoot = "";
			targets = (
				60FA64792763924E00C4AADC /* WeatherApp (iOS) */,
				60FA647F2763924E00C4AADC /* WeatherApp (macOS) */,
				60FA64862763924E00C4AADC /* Tests iOS */,
				60FA64922763924E00C4AADC /* Tests macOS */,
			);
		};
/* End PBXProject section */

/* Begin PBXResourcesBuildPhase section */
		60FA64782763924E00C4AADC /* Resources */ = {
			isa = PBXResourcesBuildPhase;
			buildActionMask = 2147483647;
			files = (
				60FA649F2763924E00C4AADC /* Assets.xcassets in Resources */,
			);
			runOnlyForDeploymentPostprocessing = 0;
		};
		60FA647E2763924E00C4AADC /* Resources */ = {
			isa = PBXResourcesBuildPhase;
			buildActionMask = 2147483647;
			files = (
				60FA64A02763924E00C4AADC /* Assets.xcassets in Resources */,
			);
			runOnlyForDeploymentPostprocessing = 0;
		};
		60FA64852763924E00C4AADC /* Resources */ = {
			isa = PBXResourcesBuildPhase;
			buildActionMask = 2147483647;
			files = (
			);
			runOnlyForDeploymentPostprocessing = 0;
		};
		60FA64912763924E00C4AADC /* Resources */ = {
			isa = PBXResourcesBuildPhase;
			buildActionMask = 2147483647;
			files = (
			);
			runOnlyForDeploymentPostprocessing = 0;
		};
/* End PBXResourcesBuildPhase section */

/* Begin PBXSourcesBuildPhase section */
		60FA64762763924E00C4AADC /* Sources */ = {
			isa = PBXSourcesBuildPhase;
			buildActionMask = 2147483647;
			files = (
				60FA649B2763924E00C4AADC /* WeatherApp.swift in Sources */,
				60D500B1276E38020081B77F /* ContentView.swift in Sources */,
				60D500B7276E3A260081B77F /* ApiFriend.swift in Sources */,
			);
			runOnlyForDeploymentPostprocessing = 0;
		};
		60FA647C2763924E00C4AADC /* Sources */ = {
			isa = PBXSourcesBuildPhase;
			buildActionMask = 2147483647;
			files = (
				60FA649C2763924E00C4AADC /* WeatherApp.swift in Sources */,
				60D500B2276E38020081B77F /* ContentView.swift in Sources */,
				60D500B8276E3A260081B77F /* ApiFriend.swift in Sources */,
			);
			runOnlyForDeploymentPostprocessing = 0;
		};
		60FA64832763924E00C4AADC /* Sources */ = {
			isa = PBXSourcesBuildPhase;
			buildActionMask = 2147483647;
			files = (
				60FA648E2763924E00C4AADC /* Tests_iOSLaunchTests.swift in Sources */,
				60FA648C2763924E00C4AADC /* Tests_iOS.swift in Sources */,
			);
			runOnlyForDeploymentPostprocessing = 0;
		};
		60FA648F2763924E00C4AADC /* Sources */ = {
			isa = PBXSourcesBuildPhase;
			buildActionMask = 2147483647;
			files = (
				60FA649A2763924E00C4AADC /* Tests_macOSLaunchTests.swift in Sources */,
				60FA64982763924E00C4AADC /* Tests_macOS.swift in Sources */,
			);
			runOnlyForDeploymentPostprocessing = 0;
		};
/* End PBXSourcesBuildPhase section */

/* Begin PBXTargetDependency section */
		600C96382783D8F900014494 /* PBXTargetDependency */ = {
			isa = PBXTargetDependency;
			productRef = 600C96372783D8F900014494 /* SwiftUICharts */;
		};
		60FA64892763924E00C4AADC /* PBXTargetDependency */ = {
			isa = PBXTargetDependency;
			target = 60FA64792763924E00C4AADC /* WeatherApp (iOS) */;
			targetProxy = 60FA64882763924E00C4AADC /* PBXContainerItemProxy */;
		};
		60FA64952763924E00C4AADC /* PBXTargetDependency */ = {
			isa = PBXTargetDependency;
			target = 60FA647F2763924E00C4AADC /* WeatherApp (macOS) */;
			targetProxy = 60FA64942763924E00C4AADC /* PBXContainerItemProxy */;
		};
/* End PBXTargetDependency section */

/* Begin XCBuildConfiguration section */
		60FA64A12763924E00C4AADC /* Debug */ = {
			isa = XCBuildConfiguration;
			buildSettings = {
				ALWAYS_SEARCH_USER_PATHS = NO;
				CLANG_ANALYZER_NONNULL = YES;
				CLANG_ANALYZER_NUMBER_OBJECT_CONVERSION = YES_AGGRESSIVE;
				CLANG_CXX_LANGUAGE_STANDARD = "gnu++17";
				CLANG_CXX_LIBRARY = "libc++";
				CLANG_ENABLE_MODULES = YES;
				CLANG_ENABLE_OBJC_ARC = YES;
				CLANG_ENABLE_OBJC_WEAK = YES;
				CLANG_WARN_BLOCK_CAPTURE_AUTORELEASING = YES;
				CLANG_WARN_BOOL_CONVERSION = YES;
				CLANG_WARN_COMMA = YES;
				CLANG_WARN_CONSTANT_CONVERSION = YES;
				CLANG_WARN_DEPRECATED_OBJC_IMPLEMENTATIONS = YES;
				CLANG_WARN_DIRECT_OBJC_ISA_USAGE = YES_ERROR;
				CLANG_WARN_DOCUMENTATION_COMMENTS = YES;
				CLANG_WARN_EMPTY_BODY = YES;
				CLANG_WARN_ENUM_CONVERSION = YES;
				CLANG_WARN_INFINITE_RECURSION = YES;
				CLANG_WARN_INT_CONVERSION = YES;
				CLANG_WARN_NON_LITERAL_NULL_CONVERSION = YES;
				CLANG_WARN_OBJC_IMPLICIT_RETAIN_SELF = YES;
				CLANG_WARN_OBJC_LITERAL_CONVERSION = YES;
				CLANG_WARN_OBJC_ROOT_CLASS = YES_ERROR;
				CLANG_WARN_QUOTED_INCLUDE_IN_FRAMEWORK_HEADER = YES;
				CLANG_WARN_RANGE_LOOP_ANALYSIS = YES;
				CLANG_WARN_STRICT_PROTOTYPES = YES;
				CLANG_WARN_SUSPICIOUS_MOVE = YES;
				CLANG_WARN_UNGUARDED_AVAILABILITY = YES_AGGRESSIVE;
				CLANG_WARN_UNREACHABLE_CODE = YES;
				CLANG_WARN__DUPLICATE_METHOD_MATCH = YES;
				COPY_PHASE_STRIP = NO;
				DEBUG_INFORMATION_FORMAT = dwarf;
				ENABLE_STRICT_OBJC_MSGSEND = YES;
				ENABLE_TESTABILITY = YES;
				GCC_C_LANGUAGE_STANDARD = gnu11;
				GCC_DYNAMIC_NO_PIC = NO;
				GCC_NO_COMMON_BLOCKS = YES;
				GCC_OPTIMIZATION_LEVEL = 0;
				GCC_PREPROCESSOR_DEFINITIONS = (
					"DEBUG=1",
					"$(inherited)",
				);
				GCC_WARN_64_TO_32_BIT_CONVERSION = YES;
				GCC_WARN_ABOUT_RETURN_TYPE = YES_ERROR;
				GCC_WARN_UNDECLARED_SELECTOR = YES;
				GCC_WARN_UNINITIALIZED_AUTOS = YES_AGGRESSIVE;
				GCC_WARN_UNUSED_FUNCTION = YES;
				GCC_WARN_UNUSED_VARIABLE = YES;
				MTL_ENABLE_DEBUG_INFO = INCLUDE_SOURCE;
				MTL_FAST_MATH = YES;
				ONLY_ACTIVE_ARCH = YES;
				SWIFT_ACTIVE_COMPILATION_CONDITIONS = DEBUG;
				SWIFT_OPTIMIZATION_LEVEL = "-Onone";
			};
			name = Debug;
		};
		60FA64A22763924E00C4AADC /* Release */ = {
			isa = XCBuildConfiguration;
			buildSettings = {
				ALWAYS_SEARCH_USER_PATHS = NO;
				CLANG_ANALYZER_NONNULL = YES;
				CLANG_ANALYZER_NUMBER_OBJECT_CONVERSION = YES_AGGRESSIVE;
				CLANG_CXX_LANGUAGE_STANDARD = "gnu++17";
				CLANG_CXX_LIBRARY = "libc++";
				CLANG_ENABLE_MODULES = YES;
				CLANG_ENABLE_OBJC_ARC = YES;
				CLANG_ENABLE_OBJC_WEAK = YES;
				CLANG_WARN_BLOCK_CAPTURE_AUTORELEASING = YES;
				CLANG_WARN_BOOL_CONVERSION = YES;
				CLANG_WARN_COMMA = YES;
				CLANG_WARN_CONSTANT_CONVERSION = YES;
				CLANG_WARN_DEPRECATED_OBJC_IMPLEMENTATIONS = YES;
				CLANG_WARN_DIRECT_OBJC_ISA_USAGE = YES_ERROR;
				CLANG_WARN_DOCUMENTATION_COMMENTS = YES;
				CLANG_WARN_EMPTY_BODY = YES;
				CLANG_WARN_ENUM_CONVERSION = YES;
				CLANG_WARN_INFINITE_RECURSION = YES;
				CLANG_WARN_INT_CONVERSION = YES;
				CLANG_WARN_NON_LITERAL_NULL_CONVERSION = YES;
				CLANG_WARN_OBJC_IMPLICIT_RETAIN_SELF = YES;
				CLANG_WARN_OBJC_LITERAL_CONVERSION = YES;
				CLANG_WARN_OBJC_ROOT_CLASS = YES_ERROR;
				CLANG_WARN_QUOTED_INCLUDE_IN_FRAMEWORK_HEADER = YES;
				CLANG_WARN_RANGE_LOOP_ANALYSIS = YES;
				CLANG_WARN_STRICT_PROTOTYPES = YES;
				CLANG_WARN_SUSPICIOUS_MOVE = YES;
				CLANG_WARN_UNGUARDED_AVAILABILITY = YES_AGGRESSIVE;
				CLANG_WARN_UNREACHABLE_CODE = YES;
				CLANG_WARN__DUPLICATE_METHOD_MATCH = YES;
				COPY_PHASE_STRIP = NO;
				DEBUG_INFORMATION_FORMAT = "dwarf-with-dsym";
				ENABLE_NS_ASSERTIONS = NO;
				ENABLE_STRICT_OBJC_MSGSEND = YES;
				GCC_C_LANGUAGE_STANDARD = gnu11;
				GCC_NO_COMMON_BLOCKS = YES;
				GCC_WARN_64_TO_32_BIT_CONVERSION = YES;
				GCC_WARN_ABOUT_RETURN_TYPE = YES_ERROR;
				GCC_WARN_UNDECLARED_SELECTOR = YES;
				GCC_WARN_UNINITIALIZED_AUTOS = YES_AGGRESSIVE;
				GCC_WARN_UNUSED_FUNCTION = YES;
				GCC_WARN_UNUSED_VARIABLE = YES;
				MTL_ENABLE_DEBUG_INFO = NO;
				MTL_FAST_MATH = YES;
				SWIFT_COMPILATION_MODE = wholemodule;
				SWIFT_OPTIMIZATION_LEVEL = "-O";
			};
			name = Release;
		};
		60FA64A42763924E00C4AADC /* Debug */ = {
			isa = XCBuildConfiguration;
			buildSettings = {
				ASSETCATALOG_COMPILER_APPICON_NAME = AppIcon;
				ASSETCATALOG_COMPILER_GLOBAL_ACCENT_COLOR_NAME = AccentColor;
				CODE_SIGN_STYLE = Automatic;
				CURRENT_PROJECT_VERSION = 1;
				DEVELOPMENT_TEAM = 43H9Y7WVN6;
				ENABLE_PREVIEWS = YES;
				GENERATE_INFOPLIST_FILE = YES;
				INFOPLIST_KEY_UIApplicationSceneManifest_Generation = YES;
				INFOPLIST_KEY_UIApplicationSupportsIndirectInputEvents = YES;
				INFOPLIST_KEY_UILaunchScreen_Generation = YES;
				INFOPLIST_KEY_UISupportedInterfaceOrientations_iPad = "UIInterfaceOrientationPortrait UIInterfaceOrientationPortraitUpsideDown UIInterfaceOrientationLandscapeLeft UIInterfaceOrientationLandscapeRight";
				INFOPLIST_KEY_UISupportedInterfaceOrientations_iPhone = "UIInterfaceOrientationPortrait UIInterfaceOrientationLandscapeLeft UIInterfaceOrientationLandscapeRight";
				IPHONEOS_DEPLOYMENT_TARGET = 15.0;
				LD_RUNPATH_SEARCH_PATHS = (
					"$(inherited)",
					"@executable_path/Frameworks",
				);
				MARKETING_VERSION = 1.0;
				PRODUCT_BUNDLE_IDENTIFIER = keepersofweather.WeatherApp;
				PRODUCT_NAME = WeatherApp;
				SDKROOT = iphoneos;
				SWIFT_EMIT_LOC_STRINGS = YES;
				SWIFT_VERSION = 5.0;
				TARGETED_DEVICE_FAMILY = "1,2";
			};
			name = Debug;
		};
		60FA64A52763924E00C4AADC /* Release */ = {
			isa = XCBuildConfiguration;
			buildSettings = {
				ASSETCATALOG_COMPILER_APPICON_NAME = AppIcon;
				ASSETCATALOG_COMPILER_GLOBAL_ACCENT_COLOR_NAME = AccentColor;
				CODE_SIGN_STYLE = Automatic;
				CURRENT_PROJECT_VERSION = 1;
				DEVELOPMENT_TEAM = 43H9Y7WVN6;
				ENABLE_PREVIEWS = YES;
				GENERATE_INFOPLIST_FILE = YES;
				INFOPLIST_KEY_UIApplicationSceneManifest_Generation = YES;
				INFOPLIST_KEY_UIApplicationSupportsIndirectInputEvents = YES;
				INFOPLIST_KEY_UILaunchScreen_Generation = YES;
				INFOPLIST_KEY_UISupportedInterfaceOrientations_iPad = "UIInterfaceOrientationPortrait UIInterfaceOrientationPortraitUpsideDown UIInterfaceOrientationLandscapeLeft UIInterfaceOrientationLandscapeRight";
				INFOPLIST_KEY_UISupportedInterfaceOrientations_iPhone = "UIInterfaceOrientationPortrait UIInterfaceOrientationLandscapeLeft UIInterfaceOrientationLandscapeRight";
				IPHONEOS_DEPLOYMENT_TARGET = 15.0;
				LD_RUNPATH_SEARCH_PATHS = (
					"$(inherited)",
					"@executable_path/Frameworks",
				);
				MARKETING_VERSION = 1.0;
				PRODUCT_BUNDLE_IDENTIFIER = keepersofweather.WeatherApp;
				PRODUCT_NAME = WeatherApp;
				SDKROOT = iphoneos;
				SWIFT_EMIT_LOC_STRINGS = YES;
				SWIFT_VERSION = 5.0;
				TARGETED_DEVICE_FAMILY = "1,2";
				VALIDATE_PRODUCT = YES;
			};
			name = Release;
		};
		60FA64A72763924E00C4AADC /* Debug */ = {
			isa = XCBuildConfiguration;
			buildSettings = {
				ASSETCATALOG_COMPILER_APPICON_NAME = AppIcon;
				ASSETCATALOG_COMPILER_GLOBAL_ACCENT_COLOR_NAME = AccentColor;
				CODE_SIGN_ENTITLEMENTS = macOS/macOS.entitlements;
				CODE_SIGN_IDENTITY = "-";
				CODE_SIGN_STYLE = Automatic;
				COMBINE_HIDPI_IMAGES = YES;
				CURRENT_PROJECT_VERSION = 1;
				DEVELOPMENT_TEAM = 43H9Y7WVN6;
				ENABLE_HARDENED_RUNTIME = YES;
				ENABLE_PREVIEWS = YES;
				GENERATE_INFOPLIST_FILE = YES;
				INFOPLIST_KEY_NSHumanReadableCopyright = "";
				LD_RUNPATH_SEARCH_PATHS = (
					"$(inherited)",
					"@executable_path/../Frameworks",
				);
				MACOSX_DEPLOYMENT_TARGET = 12.0;
				MARKETING_VERSION = 1.0;
				PRODUCT_BUNDLE_IDENTIFIER = keepersofweather.WeatherApp;
				PRODUCT_NAME = WeatherApp;
				SDKROOT = macosx;
				SWIFT_EMIT_LOC_STRINGS = YES;
				SWIFT_VERSION = 5.0;
			};
			name = Debug;
		};
		60FA64A82763924E00C4AADC /* Release */ = {
			isa = XCBuildConfiguration;
			buildSettings = {
				ASSETCATALOG_COMPILER_APPICON_NAME = AppIcon;
				ASSETCATALOG_COMPILER_GLOBAL_ACCENT_COLOR_NAME = AccentColor;
				CODE_SIGN_ENTITLEMENTS = macOS/macOS.entitlements;
				CODE_SIGN_IDENTITY = "-";
				CODE_SIGN_STYLE = Automatic;
				COMBINE_HIDPI_IMAGES = YES;
				CURRENT_PROJECT_VERSION = 1;
				DEVELOPMENT_TEAM = 43H9Y7WVN6;
				ENABLE_HARDENED_RUNTIME = YES;
				ENABLE_PREVIEWS = YES;
				GENERATE_INFOPLIST_FILE = YES;
				INFOPLIST_KEY_NSHumanReadableCopyright = "";
				LD_RUNPATH_SEARCH_PATHS = (
					"$(inherited)",
					"@executable_path/../Frameworks",
				);
				MACOSX_DEPLOYMENT_TARGET = 12.0;
				MARKETING_VERSION = 1.0;
				PRODUCT_BUNDLE_IDENTIFIER = keepersofweather.WeatherApp;
				PRODUCT_NAME = WeatherApp;
				SDKROOT = macosx;
				SWIFT_EMIT_LOC_STRINGS = YES;
				SWIFT_VERSION = 5.0;
			};
			name = Release;
		};
		60FA64AA2763924E00C4AADC /* Debug */ = {
			isa = XCBuildConfiguration;
			buildSettings = {
				ALWAYS_EMBED_SWIFT_STANDARD_LIBRARIES = YES;
				CODE_SIGN_STYLE = Automatic;
				CURRENT_PROJECT_VERSION = 1;
				DEVELOPMENT_TEAM = 43H9Y7WVN6;
				GENERATE_INFOPLIST_FILE = YES;
				IPHONEOS_DEPLOYMENT_TARGET = 15.0;
				LD_RUNPATH_SEARCH_PATHS = (
					"$(inherited)",
					"@executable_path/Frameworks",
					"@loader_path/Frameworks",
				);
				MARKETING_VERSION = 1.0;
				PRODUCT_BUNDLE_IDENTIFIER = "keepersofweather.Tests-iOS";
				PRODUCT_NAME = "$(TARGET_NAME)";
				SDKROOT = iphoneos;
				SWIFT_EMIT_LOC_STRINGS = NO;
				SWIFT_VERSION = 5.0;
				TARGETED_DEVICE_FAMILY = "1,2";
				TEST_TARGET_NAME = "WeatherApp (iOS)";
			};
			name = Debug;
		};
		60FA64AB2763924E00C4AADC /* Release */ = {
			isa = XCBuildConfiguration;
			buildSettings = {
				ALWAYS_EMBED_SWIFT_STANDARD_LIBRARIES = YES;
				CODE_SIGN_STYLE = Automatic;
				CURRENT_PROJECT_VERSION = 1;
				DEVELOPMENT_TEAM = 43H9Y7WVN6;
				GENERATE_INFOPLIST_FILE = YES;
				IPHONEOS_DEPLOYMENT_TARGET = 15.0;
				LD_RUNPATH_SEARCH_PATHS = (
					"$(inherited)",
					"@executable_path/Frameworks",
					"@loader_path/Frameworks",
				);
				MARKETING_VERSION = 1.0;
				PRODUCT_BUNDLE_IDENTIFIER = "keepersofweather.Tests-iOS";
				PRODUCT_NAME = "$(TARGET_NAME)";
				SDKROOT = iphoneos;
				SWIFT_EMIT_LOC_STRINGS = NO;
				SWIFT_VERSION = 5.0;
				TARGETED_DEVICE_FAMILY = "1,2";
				TEST_TARGET_NAME = "WeatherApp (iOS)";
				VALIDATE_PRODUCT = YES;
			};
			name = Release;
		};
		60FA64AD2763924E00C4AADC /* Debug */ = {
			isa = XCBuildConfiguration;
			buildSettings = {
				ALWAYS_EMBED_SWIFT_STANDARD_LIBRARIES = YES;
				CODE_SIGN_STYLE = Automatic;
				COMBINE_HIDPI_IMAGES = YES;
				CURRENT_PROJECT_VERSION = 1;
				DEVELOPMENT_TEAM = 43H9Y7WVN6;
				GENERATE_INFOPLIST_FILE = YES;
				LD_RUNPATH_SEARCH_PATHS = (
					"$(inherited)",
					"@executable_path/../Frameworks",
					"@loader_path/../Frameworks",
				);
				MACOSX_DEPLOYMENT_TARGET = 12.0;
				MARKETING_VERSION = 1.0;
				PRODUCT_BUNDLE_IDENTIFIER = "keepersofweather.Tests-macOS";
				PRODUCT_NAME = "$(TARGET_NAME)";
				SDKROOT = macosx;
				SWIFT_EMIT_LOC_STRINGS = NO;
				SWIFT_VERSION = 5.0;
				TEST_TARGET_NAME = "WeatherApp (macOS)";
			};
			name = Debug;
		};
		60FA64AE2763924E00C4AADC /* Release */ = {
			isa = XCBuildConfiguration;
			buildSettings = {
				ALWAYS_EMBED_SWIFT_STANDARD_LIBRARIES = YES;
				CODE_SIGN_STYLE = Automatic;
				COMBINE_HIDPI_IMAGES = YES;
				CURRENT_PROJECT_VERSION = 1;
				DEVELOPMENT_TEAM = 43H9Y7WVN6;
				GENERATE_INFOPLIST_FILE = YES;
				LD_RUNPATH_SEARCH_PATHS = (
					"$(inherited)",
					"@executable_path/../Frameworks",
					"@loader_path/../Frameworks",
				);
				MACOSX_DEPLOYMENT_TARGET = 12.0;
				MARKETING_VERSION = 1.0;
				PRODUCT_BUNDLE_IDENTIFIER = "keepersofweather.Tests-macOS";
				PRODUCT_NAME = "$(TARGET_NAME)";
				SDKROOT = macosx;
				SWIFT_EMIT_LOC_STRINGS = NO;
				SWIFT_VERSION = 5.0;
				TEST_TARGET_NAME = "WeatherApp (macOS)";
			};
			name = Release;
		};
/* End XCBuildConfiguration section */

/* Begin XCConfigurationList section */
		60FA64712763924D00C4AADC /* Build configuration list for PBXProject "WeatherApp" */ = {
			isa = XCConfigurationList;
			buildConfigurations = (
				60FA64A12763924E00C4AADC /* Debug */,
				60FA64A22763924E00C4AADC /* Release */,
			);
			defaultConfigurationIsVisible = 0;
			defaultConfigurationName = Release;
		};
		60FA64A32763924E00C4AADC /* Build configuration list for PBXNativeTarget "WeatherApp (iOS)" */ = {
			isa = XCConfigurationList;
			buildConfigurations = (
				60FA64A42763924E00C4AADC /* Debug */,
				60FA64A52763924E00C4AADC /* Release */,
			);
			defaultConfigurationIsVisible = 0;
			defaultConfigurationName = Release;
		};
		60FA64A62763924E00C4AADC /* Build configuration list for PBXNativeTarget "WeatherApp (macOS)" */ = {
			isa = XCConfigurationList;
			buildConfigurations = (
				60FA64A72763924E00C4AADC /* Debug */,
				60FA64A82763924E00C4AADC /* Release */,
			);
			defaultConfigurationIsVisible = 0;
			defaultConfigurationName = Release;
		};
		60FA64A92763924E00C4AADC /* Build configuration list for PBXNativeTarget "Tests iOS" */ = {
			isa = XCConfigurationList;
			buildConfigurations = (
				60FA64AA2763924E00C4AADC /* Debug */,
				60FA64AB2763924E00C4AADC /* Release */,
			);
			defaultConfigurationIsVisible = 0;
			defaultConfigurationName = Release;
		};
		60FA64AC2763924E00C4AADC /* Build configuration list for PBXNativeTarget "Tests macOS" */ = {
			isa = XCConfigurationList;
			buildConfigurations = (
				60FA64AD2763924E00C4AADC /* Debug */,
				60FA64AE2763924E00C4AADC /* Release */,
			);
			defaultConfigurationIsVisible = 0;
			defaultConfigurationName = Release;
		};
/* End XCConfigurationList section */

/* Begin XCRemoteSwiftPackageReference section */
		600C95ED2783C66F00014494 /* XCRemoteSwiftPackageReference "ChartView" */ = {
			isa = XCRemoteSwiftPackageReference;
			repositoryURL = "https://github.com/AppPear/ChartView";
			requirement = {
				branch = master;
				kind = branch;
			};
		};
/* End XCRemoteSwiftPackageReference section */

/* Begin XCSwiftPackageProductDependency section */
		600C95EE2783C66F00014494 /* SwiftUICharts */ = {
			isa = XCSwiftPackageProductDependency;
			package = 600C95ED2783C66F00014494 /* XCRemoteSwiftPackageReference "ChartView" */;
			productName = SwiftUICharts;
		};
		600C96372783D8F900014494 /* SwiftUICharts */ = {
			isa = XCSwiftPackageProductDependency;
			package = 600C95ED2783C66F00014494 /* XCRemoteSwiftPackageReference "ChartView" */;
			productName = SwiftUICharts;
		};
/* End XCSwiftPackageProductDependency section */
	};
	rootObject = 60FA646E2763924D00C4AADC /* Project object */;
}
